
Microsoft Visual Studio Solution File, Format Version 12.00
# Visual Studio Version 17
VisualStudioVersion = 17.14.36804.6 d17.14
MinimumVisualStudioVersion = 10.0.40219.1
Project("{FAE04EC0-301F-11D3-BF4B-00C04F79EFBC}") = "GestionVehicular.Tests", "GestionVehicular.Tests.csproj", "{09EE09CF-9CB4-4802-9329-66B9D9C4B357}"
EndProject
Global
	GlobalSection(SolutionConfigurationPlatforms) = preSolution
		Debug|Any CPU = Debug|Any CPU
		Release|Any CPU = Release|Any CPU
	EndGlobalSection
	GlobalSection(ProjectConfigurationPlatforms) = postSolution
		{09EE09CF-9CB4-4802-9329-66B9D9C4B357}.Debug|Any CPU.ActiveCfg = Debug|Any CPU
		{09EE09CF-9CB4-4802-9329-66B9D9C4B357}.Debug|Any CPU.Build.0 = Debug|Any CPU
		{09EE09CF-9CB4-4802-9329-66B9D9C4B357}.Release|Any CPU.ActiveCfg = Release|Any CPU
		{09EE09CF-9CB4-4802-9329-66B9D9C4B357}.Release|Any CPU.Build.0 = Release|Any CPU
	EndGlobalSection
	GlobalSection(SolutionProperties) = preSolution
		HideSolutionNode = FALSE
	EndGlobalSection
	GlobalSection(ExtensibilityGlobals) = postSolution
		SolutionGuid = {D8153D29-9A73-4F05-842F-F966872A6C60}
	EndGlobalSection
EndGlobal
